
Microsoft Visual Studio Solution File, Format Version 12.00
# Visual Studio Version 17
VisualStudioVersion = 17.14.36105.17 d17.14
MinimumVisualStudioVersion = 10.0.40219.1
Project("{FAE04EC0-301F-11D3-BF4B-00C04F79EFBC}") = "ConsoleApp7", "ConsoleApp7\ConsoleApp7.csproj", "{68C8A16B-7136-43EF-959A-F05DD7FF3219}"
EndProject
Global
	GlobalSection(SolutionConfigurationPlatforms) = preSolution
		Debug|Any CPU = Debug|Any CPU
		Release|Any CPU = Release|Any CPU
	EndGlobalSection
	GlobalSection(ProjectConfigurationPlatforms) = postSolution
		{68C8A16B-7136-43EF-959A-F05DD7FF3219}.Debug|Any CPU.ActiveCfg = Debug|Any CPU
		{68C8A16B-7136-43EF-959A-F05DD7FF3219}.Debug|Any CPU.Build.0 = Debug|Any CPU
		{68C8A16B-7136-43EF-959A-F05DD7FF3219}.Release|Any CPU.ActiveCfg = Release|Any CPU
		{68C8A16B-7136-43EF-959A-F05DD7FF3219}.Release|Any CPU.Build.0 = Release|Any CPU
	EndGlobalSection
	GlobalSection(SolutionProperties) = preSolution
		HideSolutionNode = FALSE
	EndGlobalSection
	GlobalSection(ExtensibilityGlobals) = postSolution
		SolutionGuid = {D0877F98-168B-4C10-B0E9-0BF7A26CC190}
	EndGlobalSection
EndGlobal
